lockfileVersion: '9.0'

settings:
  autoInstallPeers: true
  excludeLinksFromLockfile: false

importers:

  .:
    dependencies:
      '@aws-sdk/client-s3':
        specifier: ^3.716.0
        version: 3.1113.0
      '@aws-sdk/s3-request-presigner':
        specifier: ^3.716.0
        version: 3.1113.0
      mongoose:
        specifier: ^8.9.0
        version: 8.24.3
      zod:
        specifier: ^3.24.1
        version: 3.25.76
    devDependencies:
      '@types/node':
        specifier: ^22.10.2
        version: 22.20.1
      typescript:
        specifier: ^5.7.2
        version: 5.9.3

packages:

  '@aws-sdk/checksums@3.1000.28':
    resolution: {integrity: sha512-VCpnmyHQ1IH49ni3LXnQj7DPr7rmcJmzYeiCkYdCcfgNtkvOj38cdcL9lapBWoItZWFACJPFJlymqC7/gem3Gw==}
    engines: {node: '>=20.0.0'}

  '@aws-sdk/client-s3@3.1113.0':
    resolution: {integrity: sha512-NRqdtohoMRyWkEeeznfG1KPN08dclCbl+HFuLPB2v8qPcgoNmTFlLKl9ELiR6hsGXQ4Ur3qvRnoJVEk8ND74pg==}
    engines: {node: '>=20.0.0'}

  '@aws-sdk/core@3.977.8':
    resolution: {integrity: sha512-7+Kcrkvrk9lM/m7jRhHpT4jCdvzGHsuaSRbF8TdzzkY1mRzp/Ogwf9c7H29k4gGhey0BBWhCWr16+t0J61gwmg==}
    engines: {node: '>=20.0.0'}

  '@aws-sdk/credential-provider-env@3.972.69':
    resolution: {integrity: sha512-AreCFzcB4kH2HF9031Ot0jSJr3KXvRg6e8uDeub20JEVdZU3Bv0sTq1plc7VsT3KiqutlzH7l0j50UcCWHUioA==}
    engines: {node: '>=20.0.0'}

  '@aws-sdk/credential-provider-http@3.972.71':
    resolution: {integrity: sha512-A8ObcqVmDMnk4F9NozZ7JwmUu9Q4xyBJkmyq1C5U+wNM9ht9J7+EuuyabsLWXZnOoTqFaJuYBYTKf5CTipkEjA==}
    engines: {node: '>=20.0.0'}

  '@aws-sdk/credential-provider-ini@3.973.14':
    resolution: {integrity: sha512-7c+Wti2LsERNWMfm7ySz3/6RPopFW3Nmn7s63Xpcq6R/tRuY5hpvkHA2xVgi5ukJbvok9l0IDtVEvqTtg+X7dw==}
    engines: {node: '>=20.0.0'}

  '@aws-sdk/credential-provider-login@3.972.76':
    resolution: {integrity: sha512-LVixwOnEJfrrfKHeZjBA8pIMTZjNDq8ak8VpcoWUuCJDrSnBNU8POJksULMgvN089P0MXtQYH2Zs627/MK1K0g==}
    engines: {node: '>=20.0.0'}

  '@aws-sdk/credential-provider-node@3.972.80':
    resolution: {integrity: sha512-bE2qh8ww4iClO1jHsBXdOE8FUgzDbdxbyorNjSCoPSkQd51k3jODItuPZfuwcLHZqDXsH+bI4AMHhqtuyR7mSg==}
    engines: {node: '>=20.0.0'}

  '@aws-sdk/credential-provider-process@3.972.69':
    resolution: {integrity: sha512-9kpTNdZTrcqXTfhxM7fgl9Z68ek3Fu5oe3Yf+A/pJGibEqpgZxz2tSY7SinmyCIU2PJ+ygY4FPoBBnLpocMtrQ==}
    engines: {node: '>=20.0.0'}

  '@aws-sdk/credential-provider-sso@3.973.13':
    resolution: {integrity: sha512-Oc81qauMPzUoTnAS2YKpNwY6sY/LUyQTEeaf6yP197WMxkEBQfcKLR1MFpD7+pNTubXnfkH6gwpji+Gc7iyD2Q==}
    engines: {node: '>=20.0.0'}

  '@aws-sdk/credential-provider-web-identity@3.972.75':
    resolution: {integrity: sha512-YPN6uoGDgjjjeVFZrcOeCJqmB6zpXoeeNgIjqe+DexJaWqdjVfCCe+VAZwli9Z2h8KhFW8oxkO39emQ1tyz/Mw==}
    engines: {node: '>=20.0.0'}

  '@aws-sdk/middleware-sdk-s3@3.972.74':
    resolution: {integrity: sha512-2lzoV2z2QO5KJZYGOCnIZ1WVQgzMECvwuzr1xb034a++8QW4U4eGrmC2u4yg1xvNv4TLL/Uv5DLyuAiw0b9z7Q==}
    engines: {node: '>=20.0.0'}

  '@aws-sdk/nested-clients@3.997.43':
    resolution: {integrity: sha512-bit+VpqWNyi3wHxFoTsTliNXimCSL2r2OeDTm7ZrG+YsTZ2D7ofDJ6r/t9PVBn80i6/v0X2h9Tgw6QP2MAKfPw==}
    engines: {node: '>=20.0.0'}

  '@aws-sdk/s3-request-presigner@3.1113.0':
    resolution: {integrity: sha512-FdbHboJSscXRHnqOGRLN+MvtcYNlxw1+XWMKcKi72nBPxpSTGQA+/zmxEBTlkCvTdIPtl/g383nNY0RiKYPmWQ==}
    engines: {node: '>=20.0.0'}

  '@aws-sdk/signature-v4-multi-region@3.996.45':
    resolution: {integrity: sha512-bBuyztukzXq6plzFGHAWiQt0QXo+HL8b8lX5cFTzkez/74PtS1c0qPFCIVuHkyoT+miH2qOjAcm1/yoro2ESPA==}
    engines: {node: '>=20.0.0'}

  '@aws-sdk/token-providers@3.1111.0':
    resolution: {integrity: sha512-JfljgoVtl+s3Qy21n9a7Z48uCQaOXcN74KJ3TEQfPoB293GrXFSt6HSQJF1sTZ8c/5QedEvd3NjJQMO4u9qa5A==}
    engines: {node: '>=20.0.0'}

  '@aws-sdk/types@3.974.4':
    resolution: {integrity: sha512-dSFDNG00MEz0/xl5gxL62giLd1iYyJsTxZ1I1DOj6lC+bbgLB4TRsYClJg3b62dhXT1uATzsTNXPnC+33EJV3A==}
    engines: {node: '>=20.0.0'}

  '@aws-sdk/xml-builder@3.972.39':
    resolution: {integrity: sha512-FTti8DS5MMWXNUWiRwXAJeYS+0GHHiMy0+7XOhcwk63ILHmfS2UFy2z/HNpZCSOJJ3P3dnWY6hfYNW3DF0nXUA==}
    engines: {node: '>=20.0.0'}

  '@aws/lambda-invoke-store@0.3.0':
    resolution: {integrity: sha512-sl4Bm6yiMNYrZKkqqDFWN0UfnWhlS8ivKxrYl+6t0gCLrqr8y3B2IqZZbFRkfaVVp7C/baApyh71P+LeE1A2sQ==}
    engines: {node: '>=18.0.0'}

  '@mongodb-js/saslprep@1.5.0':
    resolution: {integrity: sha512-Hk1SKJCMcCos38+vqDnZzlIo4XRj9yCGzYkjB4LcqpeXRIYfia1UWTz+VrueLxoU+uSRJzgkufxoRZg8gi52YA==}

  '@smithy/core@3.33.2':
    resolution: {integrity: sha512-CUGXpnPkVdjUCbix+83sWLW9VFgQOm44MDOx/ihITJMAnOZKvL8YYIc7DR9pP/tZ8CIRvMiON/TucvygqbHO3w==}
    engines: {node: '>=18.0.0'}

  '@smithy/credential-provider-imds@4.5.2':
    resolution: {integrity: sha512-A9uSdn72ozbRUSit0eib0TW7nXuNPlaeM0zcGkJ+nE6tFcSDbnmtwoxbTCFBukVQcszDAyvsd7+rTduPTXpygg==}
    engines: {node: '>=18.0.0'}

  '@smithy/fetch-http-handler@5.7.2':
    resolution: {integrity: sha512-nZyWTmSpJEXl6VtWVMBJve/7x12DZu6sIX1z1a+ZMaHlQQRs9Zpu6NbTe/gmxYXVRpkjxyDYpZ5gx2IM6f/Wkw==}
    engines: {node: '>=18.0.0'}

  '@smithy/node-http-handler@4.11.2':
    resolution: {integrity: sha512-avwAh9HM3h2lcfjvP3zYIZGf+XVgLQ91wOJ2qoFbNpW1UZeZb33aGlhTZvtkANHfcGhJroRY64525OjfgOg30g==}
    engines: {node: '>=18.0.0'}

  '@smithy/signature-v4@5.7.2':
    resolution: {integrity: sha512-P7Ki6px6OOrxVtx8K7nLmyx4SlXUW/uTKDdMG44UHefmPGSRMBKe2v+TM59WdLcpUIrBrnuCsIqiM2MbsZjmhw==}
    engines: {node: '>=18.0.0'}

  '@smithy/types@4.17.2':
    resolution: {integrity: sha512-FOKpVZob9MPTn2znRzGrnsMHv7BOsKVw3XiP/cOyYLDVZ9qKp4nifIiSCuUU/fIj5Vu0UOAxCFr+qRAtG0NUkA==}
    engines: {node: '>=18.0.0'}

  '@types/node@22.20.1':
    resolution: {integrity: sha512-EANqOCF9QFyra+4pfxUcX9STKJpCLjMbObVzljIJomAWSnuSIEAvyzEU53GaajbXJEgdh0iEcPL+DGvpUd4k1Q==}

  '@types/webidl-conversions@7.0.3':
    resolution: {integrity: sha512-CiJJvcRtIgzadHCYXw7dqEnMNRjhGZlYK05Mj9OyktqV8uVT8fD2BFOB7S1uwBE3Kj2Z+4UyPmFw/Ixgw/LAlA==}

  '@types/whatwg-url@11.0.5':
    resolution: {integrity: sha512-coYR071JRaHa+xoEvvYqvnIHaVqaYrLPbsufM9BF63HkwI5Lgmy2QR8Q5K/lYDYo5AK82wOvSOS0UsLTpTG7uQ==}

  bowser@2.14.1:
    resolution: {integrity: sha512-tzPjzCxygAKWFOJP011oxFHs57HzIhOEracIgAePE4pqB3LikALKnSzUyU4MGs9/iCEUuHlAJTjTc5M+u7YEGg==}

  bson@6.10.4:
    resolution: {integrity: sha512-WIsKqkSC0ABoBJuT1LEX+2HEvNmNKKgnTAyd0fL8qzK4SH2i9NXg+t08YtdZp/V9IZ33cxe3iV4yM0qg8lMQng==}
    engines: {node: '>=16.20.1'}

  debug@4.4.3:
    resolution: {integrity: sha512-RGwwWnwQvkVfavKVt22FGLw+xYSdzARwm0ru6DhTVA3umU5hZc28V3kO4stgYryrTlLpuvgI9GiijltAjNbcqA==}
    engines: {node: '>=6.0'}
    peerDependencies:
      supports-color: '*'
    peerDependenciesMeta:
      supports-color:
        optional: true

  kareem@2.6.3:
    resolution: {integrity: sha512-C3iHfuGUXK2u8/ipq9LfjFfXFxAZMQJJq7vLS45r3D9Y2xQ/m4S8zaR4zMLFWh9AsNPXmcFfUDhTEO8UIC/V6Q==}
    engines: {node: '>=12.0.0'}

  memory-pager@1.5.0:
    resolution: {integrity: sha512-ZS4Bp4r/Zoeq6+NLJpP+0Zzm0pR8whtGPf1XExKLJBAczGMnSi3It14OiNCStjQjM6NU1okjQGSxgEZN8eBYKg==}

  mongodb-connection-string-url@3.0.2:
    resolution: {integrity: sha512-rMO7CGo/9BFwyZABcKAWL8UJwH/Kc2x0g72uhDWzG48URRax5TCIcJ7Rc3RZqffZzO/Gwff/jyKwCU9TN8gehA==}

  mongodb@6.20.0:
    resolution: {integrity: sha512-Tl6MEIU3K4Rq3TSHd+sZQqRBoGlFsOgNrH5ltAcFBV62Re3Fd+FcaVf8uSEQFOJ51SDowDVttBTONMfoYWrWlQ==}
    engines: {node: '>=16.20.1'}
    peerDependencies:
      '@aws-sdk/credential-providers': ^3.188.0
      '@mongodb-js/zstd': ^1.1.0 || ^2.0.0
      gcp-metadata: ^5.2.0
      kerberos: ^2.0.1
      mongodb-client-encryption: '>=6.0.0 <7'
      snappy: ^7.3.2
      socks: ^2.7.1
    peerDependenciesMeta:
      '@aws-sdk/credential-providers':
        optional: true
      '@mongodb-js/zstd':
        optional: true
      gcp-metadata:
        optional: true
      kerberos:
        optional: true
      mongodb-client-encryption:
        optional: true
      snappy:
        optional: true
      socks:
        optional: true

  mongoose@8.24.3:
    resolution: {integrity: sha512-CMHqVyjK0Szc6irT14+O+QpN30kHxJLa0FjjLiBz/Txivmfg3mUUdMWAXfYM1Ubl0SNUkcG2cyLKOnhvttLtOA==}
    engines: {node: '>=16.20.1'}

  mpath@0.9.0:
    resolution: {integrity: sha512-ikJRQTk8hw5DEoFVxHG1Gn9T/xcjtdnOKIU1JTmGjZZlg9LST2mBLmcX3/ICIbgJydT2GOc15RnNy5mHmzfSew==}
    engines: {node: '>=4.0.0'}

  mquery@5.0.0:
    resolution: {integrity: sha512-iQMncpmEK8R8ncT8HJGsGc9Dsp8xcgYMVSbs5jgnm1lFHTZqMJTUWTDx1LBO8+mK3tPNZWFLBghQEIOULSTHZg==}
    engines: {node: '>=14.0.0'}

  ms@2.1.3:
    resolution: {integrity: sha512-6FlzubTLZG3J2a/NVCAleEhjzq5oxgHyaCU9yYXvcLsvoVaHJq/s5xXI6/XXP6tz7R9xAOtHnSO/tXtF3WRTlA==}

  punycode@2.3.1:
    resolution: {integrity: sha512-vYt7UD1U9Wg6138shLtLOvdAu+8DsC/ilFtEVHcH+wydcSpNE20AfSOduf6MkRFahL5FY7X1oU7nKVZFtfq8Fg==}
    engines: {node: '>=6'}

  sift@17.1.3:
    resolution: {integrity: sha512-Rtlj66/b0ICeFzYTuNvX/EF1igRbbnGSvEyT79McoZa/DeGhMyC5pWKOEsZKnpkqtSeovd5FL/bjHWC3CIIvCQ==}

  sparse-bitfield@3.0.3:
    resolution: {integrity: sha512-kvzhi7vqKTfkh0PZU+2D2PIllw2ymqJKujUcyPMd9Y75Nv4nPbGJZXNhxsgdQab2BmlDct1YnfQCguEvHr7VsQ==}

  tr46@5.1.1:
    resolution: {integrity: sha512-hdF5ZgjTqgAntKkklYw0R03MG2x/bSzTtkxmIRw/sTNV8YXsCJ1tfLAX23lhxhHJlEf3CRCOCGGWw3vI3GaSPw==}
    engines: {node: '>=18'}

  tslib@2.8.1:
    resolution: {integrity: sha512-oJFu94HQb+KVduSUQL7wnpmqnfmLsOA/nAh6b6EH0wCEoK0/mPeXU6c3wKDV83MkOuHPRHtSXKKU99IBazS/2w==}

  typescript@5.9.3:
    resolution: {integrity: sha512-jl1vZzPDinLr9eUt3J/t7V6FgNEw9QjvBPdysz9KfQDD41fQrC2Y4vKQdiaUpFT4bXlb1RHhLpp8wtm6M5TgSw==}
    engines: {node: '>=14.17'}
    hasBin: true

  undici-types@6.21.0:
    resolution: {integrity: sha512-iwDZqg0QAGrg9Rav5H4n0M64c3mkR59cJ6wQp+7C4nI0gsmExaedaYLNO44eT4AtBBwjbTiGPMlt2Md0T9H9JQ==}

  webidl-conversions@7.0.0:
    resolution: {integrity: sha512-VwddBukDzu71offAQR975unBIGqfKZpM+8ZX6ySk8nYhVoo5CYaZyzt3YBvYtRtO+aoGlqxPg/B87NGVZ/fu6g==}
    engines: {node: '>=12'}

  whatwg-url@14.2.0:
    resolution: {integrity: sha512-De72GdQZzNTUBBChsXueQUnPKDkg/5A5zp7pFDuQAj5UFoENpiACU0wlCvzpAGnTkj++ihpKwKyYewn/XNUbKw==}
    engines: {node: '>=18'}

  zod@3.25.76:
    resolution: {integrity: sha512-gzUt/qt81nXsFGKIFcC3YnfEAx5NkunCfnDlvuBSSFS02bcXu4Lmea0AFIUwbLWxWPx3d9p8S5QoaujKcNQxcQ==}

snapshots:

  '@aws-sdk/checksums@3.1000.28':
    dependencies:
      '@aws-sdk/core': 3.977.8
      '@aws-sdk/types': 3.974.4
      '@smithy/core': 3.33.2
      '@smithy/types': 4.17.2
      tslib: 2.8.1

  '@aws-sdk/client-s3@3.1113.0':
    dependencies:
      '@aws-sdk/checksums': 3.1000.28
      '@aws-sdk/core': 3.977.8
      '@aws-sdk/credential-provider-node': 3.972.80
      '@aws-sdk/middleware-sdk-s3': 3.972.74
      '@aws-sdk/signature-v4-multi-region': 3.996.45
      '@aws-sdk/types': 3.974.4
      '@smithy/core': 3.33.2
      '@smithy/fetch-http-handler': 5.7.2
      '@smithy/node-http-handler': 4.11.2
      '@smithy/types': 4.17.2
      tslib: 2.8.1

  '@aws-sdk/core@3.977.8':
    dependencies:
      '@aws-sdk/types': 3.974.4
      '@aws-sdk/xml-builder': 3.972.39
      '@aws/lambda-invoke-store': 0.3.0
      '@smithy/core': 3.33.2
      '@smithy/signature-v4': 5.7.2
      '@smithy/types': 4.17.2
      bowser: 2.14.1
      tslib: 2.8.1

  '@aws-sdk/credential-provider-env@3.972.69':
    dependencies:
      '@aws-sdk/core': 3.977.8
      '@aws-sdk/types': 3.974.4
      '@smithy/core': 3.33.2
      '@smithy/types': 4.17.2
      tslib: 2.8.1

  '@aws-sdk/credential-provider-http@3.972.71':
    dependencies:
      '@aws-sdk/core': 3.977.8
      '@aws-sdk/types': 3.974.4
      '@smithy/core': 3.33.2
      '@smithy/fetch-http-handler': 5.7.2
      '@smithy/node-http-handler': 4.11.2
      '@smithy/types': 4.17.2
      tslib: 2.8.1

  '@aws-sdk/credential-provider-ini@3.973.14':
    dependencies:
      '@aws-sdk/core': 3.977.8
      '@aws-sdk/credential-provider-env': 3.972.69
      '@aws-sdk/credential-provider-http': 3.972.71
      '@aws-sdk/credential-provider-login': 3.972.76
      '@aws-sdk/credential-provider-process': 3.972.69
      '@aws-sdk/credential-provider-sso': 3.973.13
      '@aws-sdk/credential-provider-web-identity': 3.972.75
      '@aws-sdk/nested-clients': 3.997.43
      '@aws-sdk/types': 3.974.4
      '@smithy/core': 3.33.2
      '@smithy/credential-provider-imds': 4.5.2
      '@smithy/types': 4.17.2
      tslib: 2.8.1

  '@aws-sdk/credential-provider-login@3.972.76':
    dependencies:
      '@aws-sdk/core': 3.977.8
      '@aws-sdk/nested-clients': 3.997.43
      '@aws-sdk/types': 3.974.4
      '@smithy/core': 3.33.2
      '@smithy/types': 4.17.2
      tslib: 2.8.1

  '@aws-sdk/credential-provider-node@3.972.80':
    dependencies:
      '@aws-sdk/credential-provider-env': 3.972.69
      '@aws-sdk/credential-provider-http': 3.972.71
      '@aws-sdk/credential-provider-ini': 3.973.14
      '@aws-sdk/credential-provider-process': 3.972.69
      '@aws-sdk/credential-provider-sso': 3.973.13
      '@aws-sdk/credential-provider-web-identity': 3.972.75
      '@aws-sdk/types': 3.974.4
      '@smithy/core': 3.33.2
      '@smithy/credential-provider-imds': 4.5.2
      '@smithy/types': 4.17.2
      tslib: 2.8.1

  '@aws-sdk/credential-provider-process@3.972.69':
    dependencies:
      '@aws-sdk/core': 3.977.8
      '@aws-sdk/types': 3.974.4
      '@smithy/core': 3.33.2
      '@smithy/types': 4.17.2
      tslib: 2.8.1

  '@aws-sdk/credential-provider-sso@3.973.13':
    dependencies:
      '@aws-sdk/core': 3.977.8
      '@aws-sdk/nested-clients': 3.997.43
      '@aws-sdk/token-providers': 3.1111.0
      '@aws-sdk/types': 3.974.4
      '@smithy/core': 3.33.2
      '@smithy/types': 4.17.2
      tslib: 2.8.1

  '@aws-sdk/credential-provider-web-identity@3.972.75':
    dependencies:
      '@aws-sdk/core': 3.977.8
      '@aws-sdk/nested-clients': 3.997.43
      '@aws-sdk/types': 3.974.4
      '@smithy/core': 3.33.2
      '@smithy/types': 4.17.2
      tslib: 2.8.1

  '@aws-sdk/middleware-sdk-s3@3.972.74':
    dependencies:
      '@aws-sdk/core': 3.977.8
      '@aws-sdk/signature-v4-multi-region': 3.996.45
      '@aws-sdk/types': 3.974.4
      '@smithy/core': 3.33.2
      '@smithy/types': 4.17.2
      tslib: 2.8.1

  '@aws-sdk/nested-clients@3.997.43':
    dependencies:
      '@aws-sdk/core': 3.977.8
      '@aws-sdk/signature-v4-multi-region': 3.996.45
      '@aws-sdk/types': 3.974.4
      '@smithy/core': 3.33.2
      '@smithy/fetch-http-handler': 5.7.2
      '@smithy/node-http-handler': 4.11.2
      '@smithy/types': 4.17.2
      tslib: 2.8.1

  '@aws-sdk/s3-request-presigner@3.1113.0':
    dependencies:
      '@aws-sdk/core': 3.977.8
      '@aws-sdk/signature-v4-multi-region': 3.996.45
      '@aws-sdk/types': 3.974.4
      '@smithy/core': 3.33.2
      '@smithy/types': 4.17.2
      tslib: 2.8.1

  '@aws-sdk/signature-v4-multi-region@3.996.45':
    dependencies:
      '@aws-sdk/types': 3.974.4
      '@smithy/signature-v4': 5.7.2
      '@smithy/types': 4.17.2
      tslib: 2.8.1

  '@aws-sdk/token-providers@3.1111.0':
    dependencies:
      '@aws-sdk/core': 3.977.8
      '@aws-sdk/nested-clients': 3.997.43
      '@aws-sdk/types': 3.974.4
      '@smithy/core': 3.33.2
      '@smithy/types': 4.17.2
      tslib: 2.8.1

  '@aws-sdk/types@3.974.4':
    dependencies:
      '@smithy/types': 4.17.2
      tslib: 2.8.1

  '@aws-sdk/xml-builder@3.972.39':
    dependencies:
      '@smithy/types': 4.17.2
      tslib: 2.8.1

  '@aws/lambda-invoke-store@0.3.0': {}

  '@mongodb-js/saslprep@1.5.0':
    dependencies:
      sparse-bitfield: 3.0.3

  '@smithy/core@3.33.2':
    dependencies:
      '@smithy/types': 4.17.2
      tslib: 2.8.1

  '@smithy/credential-provider-imds@4.5.2':
    dependencies:
      '@smithy/core': 3.33.2
      '@smithy/types': 4.17.2
      tslib: 2.8.1

  '@smithy/fetch-http-handler@5.7.2':
    dependencies:
      '@smithy/core': 3.33.2
      '@smithy/types': 4.17.2
      tslib: 2.8.1

  '@smithy/node-http-handler@4.11.2':
    dependencies:
      '@smithy/core': 3.33.2
      '@smithy/types': 4.17.2
      tslib: 2.8.1

  '@smithy/signature-v4@5.7.2':
    dependencies:
      '@smithy/core': 3.33.2
      '@smithy/types': 4.17.2
      tslib: 2.8.1

  '@smithy/types@4.17.2':
    dependencies:
      tslib: 2.8.1

  '@types/node@22.20.1':
    dependencies:
      undici-types: 6.21.0

  '@types/webidl-conversions@7.0.3': {}

  '@types/whatwg-url@11.0.5':
    dependencies:
      '@types/webidl-conversions': 7.0.3

  bowser@2.14.1: {}

  bson@6.10.4: {}

  debug@4.4.3:
    dependencies:
      ms: 2.1.3

  kareem@2.6.3: {}

  memory-pager@1.5.0: {}

  mongodb-connection-string-url@3.0.2:
    dependencies:
      '@types/whatwg-url': 11.0.5
      whatwg-url: 14.2.0

  mongodb@6.20.0:
    dependencies:
      '@mongodb-js/saslprep': 1.5.0
      bson: 6.10.4
      mongodb-connection-string-url: 3.0.2

  mongoose@8.24.3:
    dependencies:
      bson: 6.10.4
      kareem: 2.6.3
      mongodb: 6.20.0
      mpath: 0.9.0
      mquery: 5.0.0
      ms: 2.1.3
      sift: 17.1.3
    transitivePeerDependencies:
      - '@aws-sdk/credential-providers'
      - '@mongodb-js/zstd'
      - gcp-metadata
      - kerberos
      - mongodb-client-encryption
      - snappy
      - socks
      - supports-color

  mpath@0.9.0: {}

  mquery@5.0.0:
    dependencies:
      debug: 4.4.3
    transitivePeerDependencies:
      - supports-color

  ms@2.1.3: {}

  punycode@2.3.1: {}

  sift@17.1.3: {}

  sparse-bitfield@3.0.3:
    dependencies:
      memory-pager: 1.5.0

  tr46@5.1.1:
    dependencies:
      punycode: 2.3.1

  tslib@2.8.1: {}

  typescript@5.9.3: {}

  undici-types@6.21.0: {}

  webidl-conversions@7.0.0: {}

  whatwg-url@14.2.0:
    dependencies:
      tr46: 5.1.1
      webidl-conversions: 7.0.0

  zod@3.25.76: {}
